
Microsoft Visual Studio Solution File, Format Version 12.00
# Visual Studio Version 17
VisualStudioVersion = 17.9.34607.119
MinimumVisualStudioVersion = 10.0.40219.1
Project("{FAE04EC0-301F-11D3-BF4B-00C04F79EFBC}") = "MusicSystem", "MusicSystem\MusicSystem.csproj", "{DF5F8F11-F165-48EE-8885-A95001F63582}"
EndProject
Global
	GlobalSection(SolutionConfigurationPlatforms) = preSolution
		Debug|Any CPU = Debug|Any CPU
		Release|Any CPU = Release|Any CPU
	EndGlobalSection
	GlobalSection(ProjectConfigurationPlatforms) = postSolution
		{DF5F8F11-F165-48EE-8885-A95001F63582}.Debug|Any CPU.ActiveCfg = Debug|Any CPU
		{DF5F8F11-F165-48EE-8885-A95001F63582}.Debug|Any CPU.Build.0 = Debug|Any CPU
		{DF5F8F11-F165-48EE-8885-A95001F63582}.Release|Any CPU.ActiveCfg = Release|Any CPU
		{DF5F8F11-F165-48EE-8885-A95001F63582}.Release|Any CPU.Build.0 = Release|Any CPU
	EndGlobalSection
	GlobalSection(SolutionProperties) = preSolution
		HideSolutionNode = FALSE
	EndGlobalSection
	GlobalSection(ExtensibilityGlobals) = postSolution
		SolutionGuid = {44E4CBDC-5FFC-45D4-81B7-385F23BA039C}
	EndGlobalSection
EndGlobal
